
Microsoft Visual Studio Solution File, Format Version 12.00
# Visual Studio Version 17
VisualStudioVersion = 17.14.36301.6 d17.14
MinimumVisualStudioVersion = 10.0.40219.1
Project("{FAE04EC0-301F-11D3-BF4B-00C04F79EFBC}") = "Namespace", "Namespace\Namespace.csproj", "{254D5F4D-9190-459C-ABED-CB18AA92D88A}"
EndProject
Project("{FAE04EC0-301F-11D3-BF4B-00C04F79EFBC}") = "ClassLibrary1", "ClassLibrary1\ClassLibrary1.csproj", "{63683E8A-273D-4988-B8BE-4C87C09A7130}"
EndProject
Global
	GlobalSection(SolutionConfigurationPlatforms) = preSolution
		Debug|Any CPU = Debug|Any CPU
		Release|Any CPU = Release|Any CPU
	EndGlobalSection
	GlobalSection(ProjectConfigurationPlatforms) = postSolution
		{254D5F4D-9190-459C-ABED-CB18AA92D88A}.Debug|Any CPU.ActiveCfg = Debug|Any CPU
		{254D5F4D-9190-459C-ABED-CB18AA92D88A}.Debug|Any CPU.Build.0 = Debug|Any CPU
		{254D5F4D-9190-459C-ABED-CB18AA92D88A}.Release|Any CPU.ActiveCfg = Release|Any CPU
		{254D5F4D-9190-459C-ABED-CB18AA92D88A}.Release|Any CPU.Build.0 = Release|Any CPU
		{63683E8A-273D-4988-B8BE-4C87C09A7130}.Debug|Any CPU.ActiveCfg = Debug|Any CPU
		{63683E8A-273D-4988-B8BE-4C87C09A7130}.Debug|Any CPU.Build.0 = Debug|Any CPU
		{63683E8A-273D-4988-B8BE-4C87C09A7130}.Release|Any CPU.ActiveCfg = Release|Any CPU
		{63683E8A-273D-4988-B8BE-4C87C09A7130}.Release|Any CPU.Build.0 = Release|Any CPU
	EndGlobalSection
	GlobalSection(SolutionProperties) = preSolution
		HideSolutionNode = FALSE
	EndGlobalSection
	GlobalSection(ExtensibilityGlobals) = postSolution
		SolutionGuid = {D139E256-31A0-47C9-8A32-9CDFAE512ECD}
	EndGlobalSection
EndGlobal
