
Microsoft Visual Studio Solution File, Format Version 12.00
# Visual Studio Version 17
VisualStudioVersion = 17.14.36301.6 d17.14
MinimumVisualStudioVersion = 10.0.40219.1
Project("{FAE04EC0-301F-11D3-BF4B-00C04F79EFBC}") = "CustomCollection", "CustomCollection\CustomCollection.csproj", "{9D7CA3BF-5C6E-494A-A0F6-06CD4DA8A906}"
EndProject
Global
	GlobalSection(SolutionConfigurationPlatforms) = preSolution
		Debug|Any CPU = Debug|Any CPU
		Release|Any CPU = Release|Any CPU
	EndGlobalSection
	GlobalSection(ProjectConfigurationPlatforms) = postSolution
		{9D7CA3BF-5C6E-494A-A0F6-06CD4DA8A906}.Debug|Any CPU.ActiveCfg = Debug|Any CPU
		{9D7CA3BF-5C6E-494A-A0F6-06CD4DA8A906}.Debug|Any CPU.Build.0 = Debug|Any CPU
		{9D7CA3BF-5C6E-494A-A0F6-06CD4DA8A906}.Release|Any CPU.ActiveCfg = Release|Any CPU
		{9D7CA3BF-5C6E-494A-A0F6-06CD4DA8A906}.Release|Any CPU.Build.0 = Release|Any CPU
	EndGlobalSection
	GlobalSection(SolutionProperties) = preSolution
		HideSolutionNode = FALSE
	EndGlobalSection
	GlobalSection(ExtensibilityGlobals) = postSolution
		SolutionGuid = {ADAC2689-97B2-4BB1-8482-0BA1D168E99F}
	EndGlobalSection
EndGlobal
