
Microsoft Visual Studio Solution File, Format Version 12.00
# Visual Studio Version 17
VisualStudioVersion = 17.14.36301.6 d17.14
MinimumVisualStudioVersion = 10.0.40219.1
Project("{FAE04EC0-301F-11D3-BF4B-00C04F79EFBC}") = "CustomerProject", "CustomerProject\CustomerProject.csproj", "{35330C18-EE35-4D25-8B20-B5677E440878}"
EndProject
Global
	GlobalSection(SolutionConfigurationPlatforms) = preSolution
		Debug|Any CPU = Debug|Any CPU
		Release|Any CPU = Release|Any CPU
	EndGlobalSection
	GlobalSection(ProjectConfigurationPlatforms) = postSolution
		{35330C18-EE35-4D25-8B20-B5677E440878}.Debug|Any CPU.ActiveCfg = Debug|Any CPU
		{35330C18-EE35-4D25-8B20-B5677E440878}.Debug|Any CPU.Build.0 = Debug|Any CPU
		{35330C18-EE35-4D25-8B20-B5677E440878}.Release|Any CPU.ActiveCfg = Release|Any CPU
		{35330C18-EE35-4D25-8B20-B5677E440878}.Release|Any CPU.Build.0 = Release|Any CPU
	EndGlobalSection
	GlobalSection(SolutionProperties) = preSolution
		HideSolutionNode = FALSE
	EndGlobalSection
	GlobalSection(ExtensibilityGlobals) = postSolution
		SolutionGuid = {E7F3F461-0F95-4794-8997-8F0296750C7C}
	EndGlobalSection
EndGlobal
