
Microsoft Visual Studio Solution File, Format Version 12.00
# Visual Studio Version 17
VisualStudioVersion = 17.14.36301.6 d17.14
MinimumVisualStudioVersion = 10.0.40219.1
Project("{FAE04EC0-301F-11D3-BF4B-00C04F79EFBC}") = "AnonymousFunc", "AnonymousFunc\AnonymousFunc.csproj", "{ACE39638-D06A-4652-B4ED-832101F50283}"
EndProject
Project("{FAE04EC0-301F-11D3-BF4B-00C04F79EFBC}") = "ClassLibrary1", "ClassLibrary1\ClassLibrary1.csproj", "{3B943EF1-4762-41E8-B4C9-DDF303956D68}"
EndProject
Global
	GlobalSection(SolutionConfigurationPlatforms) = preSolution
		Debug|Any CPU = Debug|Any CPU
		Release|Any CPU = Release|Any CPU
	EndGlobalSection
	GlobalSection(ProjectConfigurationPlatforms) = postSolution
		{ACE39638-D06A-4652-B4ED-832101F50283}.Debug|Any CPU.ActiveCfg = Debug|Any CPU
		{ACE39638-D06A-4652-B4ED-832101F50283}.Debug|Any CPU.Build.0 = Debug|Any CPU
		{ACE39638-D06A-4652-B4ED-832101F50283}.Release|Any CPU.ActiveCfg = Release|Any CPU
		{ACE39638-D06A-4652-B4ED-832101F50283}.Release|Any CPU.Build.0 = Release|Any CPU
		{3B943EF1-4762-41E8-B4C9-DDF303956D68}.Debug|Any CPU.ActiveCfg = Debug|Any CPU
		{3B943EF1-4762-41E8-B4C9-DDF303956D68}.Debug|Any CPU.Build.0 = Debug|Any CPU
		{3B943EF1-4762-41E8-B4C9-DDF303956D68}.Release|Any CPU.ActiveCfg = Release|Any CPU
		{3B943EF1-4762-41E8-B4C9-DDF303956D68}.Release|Any CPU.Build.0 = Release|Any CPU
	EndGlobalSection
	GlobalSection(SolutionProperties) = preSolution
		HideSolutionNode = FALSE
	EndGlobalSection
	GlobalSection(ExtensibilityGlobals) = postSolution
		SolutionGuid = {0664A256-137E-4CF2-93EB-35659387BE54}
	EndGlobalSection
EndGlobal
