
Microsoft Visual Studio Solution File, Format Version 12.00
# Visual Studio Version 17
VisualStudioVersion = 17.14.36301.6 d17.14
MinimumVisualStudioVersion = 10.0.40219.1
Project("{FAE04EC0-301F-11D3-BF4B-00C04F79EFBC}") = "StackAndQueue", "StackAndQueue\StackAndQueue.csproj", "{B64A52FC-4350-44BB-99AB-BEB9082F9A08}"
EndProject
Global
	GlobalSection(SolutionConfigurationPlatforms) = preSolution
		Debug|Any CPU = Debug|Any CPU
		Release|Any CPU = Release|Any CPU
	EndGlobalSection
	GlobalSection(ProjectConfigurationPlatforms) = postSolution
		{B64A52FC-4350-44BB-99AB-BEB9082F9A08}.Debug|Any CPU.ActiveCfg = Debug|Any CPU
		{B64A52FC-4350-44BB-99AB-BEB9082F9A08}.Debug|Any CPU.Build.0 = Debug|Any CPU
		{B64A52FC-4350-44BB-99AB-BEB9082F9A08}.Release|Any CPU.ActiveCfg = Release|Any CPU
		{B64A52FC-4350-44BB-99AB-BEB9082F9A08}.Release|Any CPU.Build.0 = Release|Any CPU
	EndGlobalSection
	GlobalSection(SolutionProperties) = preSolution
		HideSolutionNode = FALSE
	EndGlobalSection
	GlobalSection(ExtensibilityGlobals) = postSolution
		SolutionGuid = {C522DCD6-BDE1-4E4D-9C4B-2B9891EB526F}
	EndGlobalSection
EndGlobal
