
Microsoft Visual Studio Solution File, Format Version 12.00
# Visual Studio Version 17
VisualStudioVersion = 17.14.36301.6 d17.14
MinimumVisualStudioVersion = 10.0.40219.1
Project("{FAE04EC0-301F-11D3-BF4B-00C04F79EFBC}") = "IEquatable", "IEquatable\IEquatable.csproj", "{3FF3567D-4628-44F1-9F45-D097AD8C185A}"
EndProject
Global
	GlobalSection(SolutionConfigurationPlatforms) = preSolution
		Debug|Any CPU = Debug|Any CPU
		Release|Any CPU = Release|Any CPU
	EndGlobalSection
	GlobalSection(ProjectConfigurationPlatforms) = postSolution
		{3FF3567D-4628-44F1-9F45-D097AD8C185A}.Debug|Any CPU.ActiveCfg = Debug|Any CPU
		{3FF3567D-4628-44F1-9F45-D097AD8C185A}.Debug|Any CPU.Build.0 = Debug|Any CPU
		{3FF3567D-4628-44F1-9F45-D097AD8C185A}.Release|Any CPU.ActiveCfg = Release|Any CPU
		{3FF3567D-4628-44F1-9F45-D097AD8C185A}.Release|Any CPU.Build.0 = Release|Any CPU
	EndGlobalSection
	GlobalSection(SolutionProperties) = preSolution
		HideSolutionNode = FALSE
	EndGlobalSection
	GlobalSection(ExtensibilityGlobals) = postSolution
		SolutionGuid = {6EAC7D13-81B1-4C08-AC26-F433A3022A17}
	EndGlobalSection
EndGlobal
