
Microsoft Visual Studio Solution File, Format Version 12.00
# Visual Studio Version 17
VisualStudioVersion = 17.14.36301.6 d17.14
MinimumVisualStudioVersion = 10.0.40219.1
Project("{FAE04EC0-301F-11D3-BF4B-00C04F79EFBC}") = "List", "List\List.csproj", "{1263B719-A1B6-4D4B-86D4-3E9D1F20334D}"
EndProject
Global
	GlobalSection(SolutionConfigurationPlatforms) = preSolution
		Debug|Any CPU = Debug|Any CPU
		Release|Any CPU = Release|Any CPU
	EndGlobalSection
	GlobalSection(ProjectConfigurationPlatforms) = postSolution
		{1263B719-A1B6-4D4B-86D4-3E9D1F20334D}.Debug|Any CPU.ActiveCfg = Debug|Any CPU
		{1263B719-A1B6-4D4B-86D4-3E9D1F20334D}.Debug|Any CPU.Build.0 = Debug|Any CPU
		{1263B719-A1B6-4D4B-86D4-3E9D1F20334D}.Release|Any CPU.ActiveCfg = Release|Any CPU
		{1263B719-A1B6-4D4B-86D4-3E9D1F20334D}.Release|Any CPU.Build.0 = Release|Any CPU
	EndGlobalSection
	GlobalSection(SolutionProperties) = preSolution
		HideSolutionNode = FALSE
	EndGlobalSection
	GlobalSection(ExtensibilityGlobals) = postSolution
		SolutionGuid = {3DED4885-175A-41EB-A209-B0C0609D3CA1}
	EndGlobalSection
EndGlobal
