
Microsoft Visual Studio Solution File, Format Version 12.00
# Visual Studio Version 17
VisualStudioVersion = 17.14.36301.6 d17.14
MinimumVisualStudioVersion = 10.0.40219.1
Project("{FAE04EC0-301F-11D3-BF4B-00C04F79EFBC}") = "Arrays", "Arrays\Arrays.csproj", "{50F838B5-A221-4475-B18C-0A44F949A716}"
EndProject
Global
	GlobalSection(SolutionConfigurationPlatforms) = preSolution
		Debug|Any CPU = Debug|Any CPU
		Release|Any CPU = Release|Any CPU
	EndGlobalSection
	GlobalSection(ProjectConfigurationPlatforms) = postSolution
		{50F838B5-A221-4475-B18C-0A44F949A716}.Debug|Any CPU.ActiveCfg = Debug|Any CPU
		{50F838B5-A221-4475-B18C-0A44F949A716}.Debug|Any CPU.Build.0 = Debug|Any CPU
		{50F838B5-A221-4475-B18C-0A44F949A716}.Release|Any CPU.ActiveCfg = Release|Any CPU
		{50F838B5-A221-4475-B18C-0A44F949A716}.Release|Any CPU.Build.0 = Release|Any CPU
	EndGlobalSection
	GlobalSection(SolutionProperties) = preSolution
		HideSolutionNode = FALSE
	EndGlobalSection
	GlobalSection(ExtensibilityGlobals) = postSolution
		SolutionGuid = {912BF113-F741-4786-BDB7-F735A38B4655}
	EndGlobalSection
EndGlobal
