
Microsoft Visual Studio Solution File, Format Version 12.00
# Visual Studio Version 17
VisualStudioVersion = 17.14.36301.6 d17.14
MinimumVisualStudioVersion = 10.0.40219.1
Project("{FAE04EC0-301F-11D3-BF4B-00C04F79EFBC}") = "EventProducerConsumer", "EventProducerConsumer\EventProducerConsumer.csproj", "{AEFF3B75-107D-44AC-B49E-9BE051D33D22}"
EndProject
Global
	GlobalSection(SolutionConfigurationPlatforms) = preSolution
		Debug|Any CPU = Debug|Any CPU
		Release|Any CPU = Release|Any CPU
	EndGlobalSection
	GlobalSection(ProjectConfigurationPlatforms) = postSolution
		{AEFF3B75-107D-44AC-B49E-9BE051D33D22}.Debug|Any CPU.ActiveCfg = Debug|Any CPU
		{AEFF3B75-107D-44AC-B49E-9BE051D33D22}.Debug|Any CPU.Build.0 = Debug|Any CPU
		{AEFF3B75-107D-44AC-B49E-9BE051D33D22}.Release|Any CPU.ActiveCfg = Release|Any CPU
		{AEFF3B75-107D-44AC-B49E-9BE051D33D22}.Release|Any CPU.Build.0 = Release|Any CPU
	EndGlobalSection
	GlobalSection(SolutionProperties) = preSolution
		HideSolutionNode = FALSE
	EndGlobalSection
	GlobalSection(ExtensibilityGlobals) = postSolution
		SolutionGuid = {F6014750-890B-454B-9440-97F25F10DF95}
	EndGlobalSection
EndGlobal
