
Microsoft Visual Studio Solution File, Format Version 12.00
# Visual Studio Version 17
VisualStudioVersion = 17.14.36301.6 d17.14
MinimumVisualStudioVersion = 10.0.40219.1
Project("{FAE04EC0-301F-11D3-BF4B-00C04F79EFBC}") = "Properties", "Properties\Properties.csproj", "{C441ACEC-80BB-4306-8157-A174AA7B9404}"
EndProject
Global
	GlobalSection(SolutionConfigurationPlatforms) = preSolution
		Debug|Any CPU = Debug|Any CPU
		Release|Any CPU = Release|Any CPU
	EndGlobalSection
	GlobalSection(ProjectConfigurationPlatforms) = postSolution
		{C441ACEC-80BB-4306-8157-A174AA7B9404}.Debug|Any CPU.ActiveCfg = Debug|Any CPU
		{C441ACEC-80BB-4306-8157-A174AA7B9404}.Debug|Any CPU.Build.0 = Debug|Any CPU
		{C441ACEC-80BB-4306-8157-A174AA7B9404}.Release|Any CPU.ActiveCfg = Release|Any CPU
		{C441ACEC-80BB-4306-8157-A174AA7B9404}.Release|Any CPU.Build.0 = Release|Any CPU
	EndGlobalSection
	GlobalSection(SolutionProperties) = preSolution
		HideSolutionNode = FALSE
	EndGlobalSection
	GlobalSection(ExtensibilityGlobals) = postSolution
		SolutionGuid = {285CC923-F141-4730-A5F3-C4CB44AE70A0}
	EndGlobalSection
EndGlobal
