
Microsoft Visual Studio Solution File, Format Version 12.00
# Visual Studio Version 17
VisualStudioVersion = 17.14.36301.6 d17.14
MinimumVisualStudioVersion = 10.0.40219.1
Project("{FAE04EC0-301F-11D3-BF4B-00C04F79EFBC}") = "LibraryAssignment", "LibraryAssignment\LibraryAssignment.csproj", "{9925C302-47B3-4D67-AD62-5E50E6F7C6A6}"
EndProject
Project("{FAE04EC0-301F-11D3-BF4B-00C04F79EFBC}") = "ClassLibrary1", "ClassLibrary1\ClassLibrary1.csproj", "{C631E96B-AD4C-4E32-9400-F39E627FA12F}"
EndProject
Global
	GlobalSection(SolutionConfigurationPlatforms) = preSolution
		Debug|Any CPU = Debug|Any CPU
		Release|Any CPU = Release|Any CPU
	EndGlobalSection
	GlobalSection(ProjectConfigurationPlatforms) = postSolution
		{9925C302-47B3-4D67-AD62-5E50E6F7C6A6}.Debug|Any CPU.ActiveCfg = Debug|Any CPU
		{9925C302-47B3-4D67-AD62-5E50E6F7C6A6}.Debug|Any CPU.Build.0 = Debug|Any CPU
		{9925C302-47B3-4D67-AD62-5E50E6F7C6A6}.Release|Any CPU.ActiveCfg = Release|Any CPU
		{9925C302-47B3-4D67-AD62-5E50E6F7C6A6}.Release|Any CPU.Build.0 = Release|Any CPU
		{C631E96B-AD4C-4E32-9400-F39E627FA12F}.Debug|Any CPU.ActiveCfg = Debug|Any CPU
		{C631E96B-AD4C-4E32-9400-F39E627FA12F}.Debug|Any CPU.Build.0 = Debug|Any CPU
		{C631E96B-AD4C-4E32-9400-F39E627FA12F}.Release|Any CPU.ActiveCfg = Release|Any CPU
		{C631E96B-AD4C-4E32-9400-F39E627FA12F}.Release|Any CPU.Build.0 = Release|Any CPU
	EndGlobalSection
	GlobalSection(SolutionProperties) = preSolution
		HideSolutionNode = FALSE
	EndGlobalSection
	GlobalSection(ExtensibilityGlobals) = postSolution
		SolutionGuid = {DF65ACD1-9A90-423F-9333-9EBF8A6F78C7}
	EndGlobalSection
EndGlobal
