
Microsoft Visual Studio Solution File, Format Version 12.00
# Visual Studio Version 17
VisualStudioVersion = 17.14.36301.6 d17.14
MinimumVisualStudioVersion = 10.0.40219.1
Project("{FAE04EC0-301F-11D3-BF4B-00C04F79EFBC}") = "ExtensionMethods", "ExtensionMethods\ExtensionMethods.csproj", "{D8FBB625-9923-474A-A438-4599C5C09E2E}"
EndProject
Project("{FAE04EC0-301F-11D3-BF4B-00C04F79EFBC}") = "ClassLibrary1", "ClassLibrary1\ClassLibrary1.csproj", "{DE145926-DF49-42A7-ADB5-4D2B65B51E10}"
EndProject
Global
	GlobalSection(SolutionConfigurationPlatforms) = preSolution
		Debug|Any CPU = Debug|Any CPU
		Release|Any CPU = Release|Any CPU
	EndGlobalSection
	GlobalSection(ProjectConfigurationPlatforms) = postSolution
		{D8FBB625-9923-474A-A438-4599C5C09E2E}.Debug|Any CPU.ActiveCfg = Debug|Any CPU
		{D8FBB625-9923-474A-A438-4599C5C09E2E}.Debug|Any CPU.Build.0 = Debug|Any CPU
		{D8FBB625-9923-474A-A438-4599C5C09E2E}.Release|Any CPU.ActiveCfg = Release|Any CPU
		{D8FBB625-9923-474A-A438-4599C5C09E2E}.Release|Any CPU.Build.0 = Release|Any CPU
		{DE145926-DF49-42A7-ADB5-4D2B65B51E10}.Debug|Any CPU.ActiveCfg = Debug|Any CPU
		{DE145926-DF49-42A7-ADB5-4D2B65B51E10}.Debug|Any CPU.Build.0 = Debug|Any CPU
		{DE145926-DF49-42A7-ADB5-4D2B65B51E10}.Release|Any CPU.ActiveCfg = Release|Any CPU
		{DE145926-DF49-42A7-ADB5-4D2B65B51E10}.Release|Any CPU.Build.0 = Release|Any CPU
	EndGlobalSection
	GlobalSection(SolutionProperties) = preSolution
		HideSolutionNode = FALSE
	EndGlobalSection
	GlobalSection(ExtensibilityGlobals) = postSolution
		SolutionGuid = {1F58F5ED-76D4-4E31-B28F-2C87650845B2}
	EndGlobalSection
EndGlobal
