
Microsoft Visual Studio Solution File, Format Version 12.00
# Visual Studio Version 17
VisualStudioVersion = 17.14.36301.6 d17.14
MinimumVisualStudioVersion = 10.0.40219.1
Project("{FAE04EC0-301F-11D3-BF4B-00C04F79EFBC}") = "ObjectClass", "ObjectClass\ObjectClass.csproj", "{9A2837F2-E403-40E5-B4FD-F48B0CBE11F7}"
EndProject
Project("{FAE04EC0-301F-11D3-BF4B-00C04F79EFBC}") = "ClassLibrary1", "ClassLibrary1\ClassLibrary1.csproj", "{27BCCFD8-013F-42D9-BBC0-64802416D6C3}"
EndProject
Global
	GlobalSection(SolutionConfigurationPlatforms) = preSolution
		Debug|Any CPU = Debug|Any CPU
		Release|Any CPU = Release|Any CPU
	EndGlobalSection
	GlobalSection(ProjectConfigurationPlatforms) = postSolution
		{9A2837F2-E403-40E5-B4FD-F48B0CBE11F7}.Debug|Any CPU.ActiveCfg = Debug|Any CPU
		{9A2837F2-E403-40E5-B4FD-F48B0CBE11F7}.Debug|Any CPU.Build.0 = Debug|Any CPU
		{9A2837F2-E403-40E5-B4FD-F48B0CBE11F7}.Release|Any CPU.ActiveCfg = Release|Any CPU
		{9A2837F2-E403-40E5-B4FD-F48B0CBE11F7}.Release|Any CPU.Build.0 = Release|Any CPU
		{27BCCFD8-013F-42D9-BBC0-64802416D6C3}.Debug|Any CPU.ActiveCfg = Debug|Any CPU
		{27BCCFD8-013F-42D9-BBC0-64802416D6C3}.Debug|Any CPU.Build.0 = Debug|Any CPU
		{27BCCFD8-013F-42D9-BBC0-64802416D6C3}.Release|Any CPU.ActiveCfg = Release|Any CPU
		{27BCCFD8-013F-42D9-BBC0-64802416D6C3}.Release|Any CPU.Build.0 = Release|Any CPU
	EndGlobalSection
	GlobalSection(SolutionProperties) = preSolution
		HideSolutionNode = FALSE
	EndGlobalSection
	GlobalSection(ExtensibilityGlobals) = postSolution
		SolutionGuid = {2B7BD20F-5DF5-4BD6-AE29-6E801E583047}
	EndGlobalSection
EndGlobal
