
Microsoft Visual Studio Solution File, Format Version 12.00
# Visual Studio Version 17
VisualStudioVersion = 17.14.36301.6 d17.14
MinimumVisualStudioVersion = 10.0.40219.1
Project("{FAE04EC0-301F-11D3-BF4B-00C04F79EFBC}") = "GarbageCollector", "GarbageCollector\GarbageCollector.csproj", "{B3928E0E-1B29-4FB7-852B-F79A219C992A}"
EndProject
Project("{FAE04EC0-301F-11D3-BF4B-00C04F79EFBC}") = "ClassLibrary1", "ClassLibrary1\ClassLibrary1.csproj", "{74BB8B3E-1B0B-44BB-9427-7A91AE4934D3}"
EndProject
Global
	GlobalSection(SolutionConfigurationPlatforms) = preSolution
		Debug|Any CPU = Debug|Any CPU
		Release|Any CPU = Release|Any CPU
	EndGlobalSection
	GlobalSection(ProjectConfigurationPlatforms) = postSolution
		{B3928E0E-1B29-4FB7-852B-F79A219C992A}.Debug|Any CPU.ActiveCfg = Debug|Any CPU
		{B3928E0E-1B29-4FB7-852B-F79A219C992A}.Debug|Any CPU.Build.0 = Debug|Any CPU
		{B3928E0E-1B29-4FB7-852B-F79A219C992A}.Release|Any CPU.ActiveCfg = Release|Any CPU
		{B3928E0E-1B29-4FB7-852B-F79A219C992A}.Release|Any CPU.Build.0 = Release|Any CPU
		{74BB8B3E-1B0B-44BB-9427-7A91AE4934D3}.Debug|Any CPU.ActiveCfg = Debug|Any CPU
		{74BB8B3E-1B0B-44BB-9427-7A91AE4934D3}.Debug|Any CPU.Build.0 = Debug|Any CPU
		{74BB8B3E-1B0B-44BB-9427-7A91AE4934D3}.Release|Any CPU.ActiveCfg = Release|Any CPU
		{74BB8B3E-1B0B-44BB-9427-7A91AE4934D3}.Release|Any CPU.Build.0 = Release|Any CPU
	EndGlobalSection
	GlobalSection(SolutionProperties) = preSolution
		HideSolutionNode = FALSE
	EndGlobalSection
	GlobalSection(ExtensibilityGlobals) = postSolution
		SolutionGuid = {1C4777EC-5D18-49F3-A07B-A365E9D33FBC}
	EndGlobalSection
EndGlobal
