
Microsoft Visual Studio Solution File, Format Version 12.00
# Visual Studio Version 17
VisualStudioVersion = 17.14.36301.6 d17.14
MinimumVisualStudioVersion = 10.0.40219.1
Project("{FAE04EC0-301F-11D3-BF4B-00C04F79EFBC}") = "OnetoMany", "OnetoMany\OnetoMany.csproj", "{7B764684-D559-4ECE-A880-5FBC17BDFF21}"
EndProject
Project("{FAE04EC0-301F-11D3-BF4B-00C04F79EFBC}") = "ClassLibrary1", "ClassLibrary1\ClassLibrary1.csproj", "{15E27157-4E01-48AB-BF0C-AF92BC99E713}"
EndProject
Global
	GlobalSection(SolutionConfigurationPlatforms) = preSolution
		Debug|Any CPU = Debug|Any CPU
		Release|Any CPU = Release|Any CPU
	EndGlobalSection
	GlobalSection(ProjectConfigurationPlatforms) = postSolution
		{7B764684-D559-4ECE-A880-5FBC17BDFF21}.Debug|Any CPU.ActiveCfg = Debug|Any CPU
		{7B764684-D559-4ECE-A880-5FBC17BDFF21}.Debug|Any CPU.Build.0 = Debug|Any CPU
		{7B764684-D559-4ECE-A880-5FBC17BDFF21}.Release|Any CPU.ActiveCfg = Release|Any CPU
		{7B764684-D559-4ECE-A880-5FBC17BDFF21}.Release|Any CPU.Build.0 = Release|Any CPU
		{15E27157-4E01-48AB-BF0C-AF92BC99E713}.Debug|Any CPU.ActiveCfg = Debug|Any CPU
		{15E27157-4E01-48AB-BF0C-AF92BC99E713}.Debug|Any CPU.Build.0 = Debug|Any CPU
		{15E27157-4E01-48AB-BF0C-AF92BC99E713}.Release|Any CPU.ActiveCfg = Release|Any CPU
		{15E27157-4E01-48AB-BF0C-AF92BC99E713}.Release|Any CPU.Build.0 = Release|Any CPU
	EndGlobalSection
	GlobalSection(SolutionProperties) = preSolution
		HideSolutionNode = FALSE
	EndGlobalSection
	GlobalSection(ExtensibilityGlobals) = postSolution
		SolutionGuid = {C61F5830-E2B0-412F-B3E7-2F38B9EBB91D}
	EndGlobalSection
EndGlobal
