
Microsoft Visual Studio Solution File, Format Version 12.00
# Visual Studio Version 17
VisualStudioVersion = 17.14.36301.6 d17.14
MinimumVisualStudioVersion = 10.0.40219.1
Project("{FAE04EC0-301F-11D3-BF4B-00C04F79EFBC}") = "Dictionary", "Dictionary\Dictionary.csproj", "{DDB11A8C-0989-4FC6-BAE0-E6CB1F435685}"
EndProject
Global
	GlobalSection(SolutionConfigurationPlatforms) = preSolution
		Debug|Any CPU = Debug|Any CPU
		Release|Any CPU = Release|Any CPU
	EndGlobalSection
	GlobalSection(ProjectConfigurationPlatforms) = postSolution
		{DDB11A8C-0989-4FC6-BAE0-E6CB1F435685}.Debug|Any CPU.ActiveCfg = Debug|Any CPU
		{DDB11A8C-0989-4FC6-BAE0-E6CB1F435685}.Debug|Any CPU.Build.0 = Debug|Any CPU
		{DDB11A8C-0989-4FC6-BAE0-E6CB1F435685}.Release|Any CPU.ActiveCfg = Release|Any CPU
		{DDB11A8C-0989-4FC6-BAE0-E6CB1F435685}.Release|Any CPU.Build.0 = Release|Any CPU
	EndGlobalSection
	GlobalSection(SolutionProperties) = preSolution
		HideSolutionNode = FALSE
	EndGlobalSection
	GlobalSection(ExtensibilityGlobals) = postSolution
		SolutionGuid = {3675C405-629C-4F58-AC9D-5D47B14E5D07}
	EndGlobalSection
EndGlobal
