
Microsoft Visual Studio Solution File, Format Version 12.00
# Visual Studio Version 17
VisualStudioVersion = 17.14.36301.6 d17.14
MinimumVisualStudioVersion = 10.0.40219.1
Project("{FAE04EC0-301F-11D3-BF4B-00C04F79EFBC}") = "BankManagementSystem", "BankManagementSystem\BankManagementSystem.csproj", "{0789DCE1-8C34-4F4E-83FC-16048F251E5D}"
EndProject
Global
	GlobalSection(SolutionConfigurationPlatforms) = preSolution
		Debug|Any CPU = Debug|Any CPU
		Release|Any CPU = Release|Any CPU
	EndGlobalSection
	GlobalSection(ProjectConfigurationPlatforms) = postSolution
		{0789DCE1-8C34-4F4E-83FC-16048F251E5D}.Debug|Any CPU.ActiveCfg = Debug|Any CPU
		{0789DCE1-8C34-4F4E-83FC-16048F251E5D}.Debug|Any CPU.Build.0 = Debug|Any CPU
		{0789DCE1-8C34-4F4E-83FC-16048F251E5D}.Release|Any CPU.ActiveCfg = Release|Any CPU
		{0789DCE1-8C34-4F4E-83FC-16048F251E5D}.Release|Any CPU.Build.0 = Release|Any CPU
	EndGlobalSection
	GlobalSection(SolutionProperties) = preSolution
		HideSolutionNode = FALSE
	EndGlobalSection
	GlobalSection(ExtensibilityGlobals) = postSolution
		SolutionGuid = {D656E750-E097-4BA9-9127-9F7B2E27DFAF}
	EndGlobalSection
EndGlobal
