
Microsoft Visual Studio Solution File, Format Version 12.00
# Visual Studio Version 17
VisualStudioVersion = 17.14.36301.6
MinimumVisualStudioVersion = 10.0.40219.1
Project("{FAE04EC0-301F-11D3-BF4B-00C04F79EFBC}") = "AccessModifiers", "AccessModifiers\AccessModifiers.csproj", "{0D0940AB-DA9B-4CF2-99D4-E2AEF3591D38}"
EndProject
Project("{FAE04EC0-301F-11D3-BF4B-00C04F79EFBC}") = "LinkingFile", "LinkingFile\LinkingFile.csproj", "{7C678205-EADA-4C4A-B09B-69A551EC3DE9}"
EndProject
Global
	GlobalSection(SolutionConfigurationPlatforms) = preSolution
		Debug|Any CPU = Debug|Any CPU
		Release|Any CPU = Release|Any CPU
	EndGlobalSection
	GlobalSection(ProjectConfigurationPlatforms) = postSolution
		{0D0940AB-DA9B-4CF2-99D4-E2AEF3591D38}.Debug|Any CPU.ActiveCfg = Debug|Any CPU
		{0D0940AB-DA9B-4CF2-99D4-E2AEF3591D38}.Debug|Any CPU.Build.0 = Debug|Any CPU
		{0D0940AB-DA9B-4CF2-99D4-E2AEF3591D38}.Release|Any CPU.ActiveCfg = Release|Any CPU
		{0D0940AB-DA9B-4CF2-99D4-E2AEF3591D38}.Release|Any CPU.Build.0 = Release|Any CPU
		{7C678205-EADA-4C4A-B09B-69A551EC3DE9}.Debug|Any CPU.ActiveCfg = Debug|Any CPU
		{7C678205-EADA-4C4A-B09B-69A551EC3DE9}.Debug|Any CPU.Build.0 = Debug|Any CPU
		{7C678205-EADA-4C4A-B09B-69A551EC3DE9}.Release|Any CPU.ActiveCfg = Release|Any CPU
		{7C678205-EADA-4C4A-B09B-69A551EC3DE9}.Release|Any CPU.Build.0 = Release|Any CPU
	EndGlobalSection
	GlobalSection(SolutionProperties) = preSolution
		HideSolutionNode = FALSE
	EndGlobalSection
	GlobalSection(ExtensibilityGlobals) = postSolution
		SolutionGuid = {2F8EEAEE-432D-416F-B092-6EFAC999B0DB}
	EndGlobalSection
EndGlobal
